
Microsoft Visual Studio Solution File, Format Version 12.00
# Visual Studio 14
VisualStudioVersion = 14.0.23107.0
MinimumVisualStudioVersion = 10.0.40219.1
Project("{FAE04EC0-301F-11D3-BF4B-00C04F79EFBC}") = "IISProgrammaticTest", "IISProgrammaticTest\IISProgrammaticTest.csproj", "{3FBEB89B-4CA3-41C3-9A15-EE681B38CA6D}"
EndProject
Project("{FAE04EC0-301F-11D3-BF4B-00C04F79EFBC}") = "WebApp2", "WebApp2\WebApp2.csproj", "{F5AE1693-9148-4C9E-8593-0D0195B2D7F5}"
EndProject
Global
	GlobalSection(SolutionConfigurationPlatforms) = preSolution
		Debug|Any CPU = Debug|Any CPU
		Release|Any CPU = Release|Any CPU
	EndGlobalSection
	GlobalSection(ProjectConfigurationPlatforms) = postSolution
		{3FBEB89B-4CA3-41C3-9A15-EE681B38CA6D}.Debug|Any CPU.ActiveCfg = Debug|Any CPU
		{3FBEB89B-4CA3-41C3-9A15-EE681B38CA6D}.Debug|Any CPU.Build.0 = Debug|Any CPU
		{3FBEB89B-4CA3-41C3-9A15-EE681B38CA6D}.Release|Any CPU.ActiveCfg = Release|Any CPU
		{3FBEB89B-4CA3-41C3-9A15-EE681B38CA6D}.Release|Any CPU.Build.0 = Release|Any CPU
		{F5AE1693-9148-4C9E-8593-0D0195B2D7F5}.Debug|Any CPU.ActiveCfg = Debug|Any CPU
		{F5AE1693-9148-4C9E-8593-0D0195B2D7F5}.Debug|Any CPU.Build.0 = Debug|Any CPU
		{F5AE1693-9148-4C9E-8593-0D0195B2D7F5}.Release|Any CPU.ActiveCfg = Release|Any CPU
		{F5AE1693-9148-4C9E-8593-0D0195B2D7F5}.Release|Any CPU.Build.0 = Release|Any CPU
	EndGlobalSection
	GlobalSection(SolutionProperties) = preSolution
		HideSolutionNode = FALSE
	EndGlobalSection
EndGlobal
